
Microsoft Visual Studio Solution File, Format Version 12.00
# Visual Studio Version 17
VisualStudioVersion = 17.7.34009.444
MinimumVisualStudioVersion = 10.0.40219.1
Project("{FAE04EC0-301F-11D3-BF4B-00C04F79EFBC}") = "ConsoleApp1", "ConsoleApp1\ConsoleApp1.csproj", "{ED644DF9-BB8F-47CB-B446-FF57ABA0D31B}"
EndProject
Global
	GlobalSection(SolutionConfigurationPlatforms) = preSolution
		Debug|Any CPU = Debug|Any CPU
		Release|Any CPU = Release|Any CPU
	EndGlobalSection
	GlobalSection(ProjectConfigurationPlatforms) = postSolution
		{ED644DF9-BB8F-47CB-B446-FF57ABA0D31B}.Debug|Any CPU.ActiveCfg = Debug|Any CPU
		{ED644DF9-BB8F-47CB-B446-FF57ABA0D31B}.Debug|Any CPU.Build.0 = Debug|Any CPU
		{ED644DF9-BB8F-47CB-B446-FF57ABA0D31B}.Release|Any CPU.ActiveCfg = Release|Any CPU
		{ED644DF9-BB8F-47CB-B446-FF57ABA0D31B}.Release|Any CPU.Build.0 = Release|Any CPU
	EndGlobalSection
	GlobalSection(SolutionProperties) = preSolution
		HideSolutionNode = FALSE
	EndGlobalSection
	GlobalSection(ExtensibilityGlobals) = postSolution
		SolutionGuid = {364A5F44-D78A-4409-B354-493ECE8EF503}
	EndGlobalSection
EndGlobal
